{
  "requires": true,
  "lockfileVersion": 1,
  "dependencies": {
    "angular": {
      "version": "1.3.10",
      "resolved": "https://registry.npmjs.org/angular/-/angular-1.3.10.tgz",
      "integrity": "sha1-Q+XMdmW0V2kNIVJtPLi9pfq6OfQ="
    },
    "angular-route": {
      "version": "1.3.10",
      "resolved": "https://registry.npmjs.org/angular-route/-/angular-route-1.3.10.tgz",
      "integrity": "sha1-QWJU12de2M+vNUAQaNNj6RJ9plU="
    },
    "bootstrap": {
      "version": "3.3.7",
      "resolved": "https://registry.npmjs.org/bootstrap/-/bootstrap-3.3.7.tgz",
      "integrity": "sha1-WjiTlFSfIzMIdaOxUGVldPip63E="
    },
    "jquery": {
      "version": "1.12.4",
      "resolved": "https://registry.npmjs.org/jquery/-/jquery-1.12.4.tgz",
      "integrity": "sha1-AeHfuikP5z3rp3zurLD5ui/sngw="
    },
    "lodash": {
      "version": "4.17.4",
      "resolved": "https://registry.npmjs.org/lodash/-/lodash-4.17.4.tgz",
      "integrity": "sha1-eCA6TRwyiuHYbcpkYONptX9AVa4="
    },
    "restangular": {
      "version": "1.6.1",
      "resolved": "https://registry.npmjs.org/restangular/-/restangular-1.6.1.tgz",
      "integrity": "sha1-rdF0PyfXewuKZS5khadgtiNO0CQ=",
      "requires": {
        "lodash": "4.17.4"
      }
    }
  }
}
