{
  "requires": true,
  "lockfileVersion": 1,
  "dependencies": {
    "angular": {
      "version": "1.3.10",
      "resolved": "https://registry.npmjs.org/angular/-/angular-1.3.10.tgz",
      "integrity": "sha1-Q+XMdmW0V2kNIVJtPLi9pfq6OfQ="
    },
    "bootstrap": {
      "version": "3.3.7",
      "resolved": "https://registry.npmjs.org/bootstrap/-/bootstrap-3.3.7.tgz",
      "integrity": "sha1-WjiTlFSfIzMIdaOxUGVldPip63E="
    }
  }
}
